
Microsoft Visual Studio Solution File, Format Version 12.00
# Visual Studio Version 17
VisualStudioVersion = 17.4.33103.184
MinimumVisualStudioVersion = 10.0.40219.1
Project("{9A19103F-16F7-4668-BE54-9A1E7A4F7556}") = "GameStore.API", "GameStore.API\GameStore.API.csproj", "{E3BE2FDF-C1B0-49BF-8EE0-1FF100FB22C3}"
EndProject
Project("{9A19103F-16F7-4668-BE54-9A1E7A4F7556}") = "GameStore.BLL", "GameStore.BLL\GameStore.BLL.csproj", "{CAA69E72-99D2-4706-A732-523258650FFA}"
EndProject
Project("{9A19103F-16F7-4668-BE54-9A1E7A4F7556}") = "GameStore.DAL", "GameStore.DAL\GameStore.DAL.csproj", "{1FCD229D-89CB-4656-82B4-9B911422E8AB}"
EndProject
Project("{9A19103F-16F7-4668-BE54-9A1E7A4F7556}") = "GameStore.Tests", "GameStore.Tests\GameStore.Tests.csproj", "{BF320A53-A364-4AE3-B204-904293D8D2D9}"
EndProject
Project("{9A19103F-16F7-4668-BE54-9A1E7A4F7556}") = "GameStore.Common", "GameStore.Common\GameStore.Common.csproj", "{5173F5CE-81D0-4218-8BD0-432F8AA647F4}"
EndProject
Project("{E53339B2-1760-4266-BCC7-CA923CBCF16C}") = "docker-compose", "docker-compose.dcproj", "{AD7AEE95-0695-406B-8FAE-BCC245E0ABB7}"
EndProject
Global
	GlobalSection(SolutionConfigurationPlatforms) = preSolution
		Debug|Any CPU = Debug|Any CPU
		Release|Any CPU = Release|Any CPU
	EndGlobalSection
	GlobalSection(ProjectConfigurationPlatforms) = postSolution
		{E3BE2FDF-C1B0-49BF-8EE0-1FF100FB22C3}.Debug|Any CPU.ActiveCfg = Debug|Any CPU
		{E3BE2FDF-C1B0-49BF-8EE0-1FF100FB22C3}.Debug|Any CPU.Build.0 = Debug|Any CPU
		{E3BE2FDF-C1B0-49BF-8EE0-1FF100FB22C3}.Release|Any CPU.ActiveCfg = Release|Any CPU
		{E3BE2FDF-C1B0-49BF-8EE0-1FF100FB22C3}.Release|Any CPU.Build.0 = Release|Any CPU
		{CAA69E72-99D2-4706-A732-523258650FFA}.Debug|Any CPU.ActiveCfg = Debug|Any CPU
		{CAA69E72-99D2-4706-A732-523258650FFA}.Debug|Any CPU.Build.0 = Debug|Any CPU
		{CAA69E72-99D2-4706-A732-523258650FFA}.Release|Any CPU.ActiveCfg = Release|Any CPU
		{CAA69E72-99D2-4706-A732-523258650FFA}.Release|Any CPU.Build.0 = Release|Any CPU
		{1FCD229D-89CB-4656-82B4-9B911422E8AB}.Debug|Any CPU.ActiveCfg = Debug|Any CPU
		{1FCD229D-89CB-4656-82B4-9B911422E8AB}.Debug|Any CPU.Build.0 = Debug|Any CPU
		{1FCD229D-89CB-4656-82B4-9B911422E8AB}.Release|Any CPU.ActiveCfg = Release|Any CPU
		{1FCD229D-89CB-4656-82B4-9B911422E8AB}.Release|Any CPU.Build.0 = Release|Any CPU
		{BF320A53-A364-4AE3-B204-904293D8D2D9}.Debug|Any CPU.ActiveCfg = Debug|Any CPU
		{BF320A53-A364-4AE3-B204-904293D8D2D9}.Debug|Any CPU.Build.0 = Debug|Any CPU
		{BF320A53-A364-4AE3-B204-904293D8D2D9}.Release|Any CPU.ActiveCfg = Release|Any CPU
		{BF320A53-A364-4AE3-B204-904293D8D2D9}.Release|Any CPU.Build.0 = Release|Any CPU
		{5173F5CE-81D0-4218-8BD0-432F8AA647F4}.Debug|Any CPU.ActiveCfg = Debug|Any CPU
		{5173F5CE-81D0-4218-8BD0-432F8AA647F4}.Debug|Any CPU.Build.0 = Debug|Any CPU
		{5173F5CE-81D0-4218-8BD0-432F8AA647F4}.Release|Any CPU.ActiveCfg = Release|Any CPU
		{5173F5CE-81D0-4218-8BD0-432F8AA647F4}.Release|Any CPU.Build.0 = Release|Any CPU
		{AD7AEE95-0695-406B-8FAE-BCC245E0ABB7}.Debug|Any CPU.ActiveCfg = Debug|Any CPU
		{AD7AEE95-0695-406B-8FAE-BCC245E0ABB7}.Debug|Any CPU.Build.0 = Debug|Any CPU
		{AD7AEE95-0695-406B-8FAE-BCC245E0ABB7}.Release|Any CPU.ActiveCfg = Release|Any CPU
		{AD7AEE95-0695-406B-8FAE-BCC245E0ABB7}.Release|Any CPU.Build.0 = Release|Any CPU
	EndGlobalSection
	GlobalSection(SolutionProperties) = preSolution
		HideSolutionNode = FALSE
	EndGlobalSection
	GlobalSection(ExtensibilityGlobals) = postSolution
		SolutionGuid = {E9AB985B-E09A-47FF-A2D3-A397B84BDEBA}
	EndGlobalSection
EndGlobal
